
Microsoft Visual Studio Solution File, Format Version 12.00
Project("{FAE04EC0-301F-11D3-BF4B-00C04F79EFBC}") = "ExaminationSystem.Web", "ExaminationSystem.Web\ExaminationSystem.Web.csproj", "{45AAF49F-48E1-49DB-A0D1-1E7EBFEAD0B7}"
EndProject
Project("{2150E333-8FDC-42A3-9474-1A3956D46DE8}") = "Solution Items", "Solution Items", "{F8D0EFCE-6FE8-443B-B19F-46389E43AB51}"
	ProjectSection(SolutionItems) = preProject
		README.md = README.md
		docker-compose.yml = docker-compose.yml
	EndProjectSection
EndProject
Project("{FAE04EC0-301F-11D3-BF4B-00C04F79EFBC}") = "ExaminationSystem.Application", "ExaminationSystem.Application\ExaminationSystem.Application.csproj", "{C1B67D00-D84E-4E49-BD77-B574512B67BE}"
EndProject
Project("{FAE04EC0-301F-11D3-BF4B-00C04F79EFBC}") = "ExaminationSystem.EntityFrameworkCore", "ExaminationSystem.EntityFrameworkCore\ExaminationSystem.EntityFrameworkCore.csproj", "{D61AAB0F-BECF-42BD-97A3-D28DD572D0B9}"
EndProject
Project("{FAE04EC0-301F-11D3-BF4B-00C04F79EFBC}") = "ExaminationSystem.Model", "ExaminationSystem.Model\ExaminationSystem.Model.csproj", "{9D92B79E-421E-4FFA-BDF0-A1A52B029CA3}"
EndProject
Project("{FAE04EC0-301F-11D3-BF4B-00C04F79EFBC}") = "ExaminationSystem.Test", "ExaminationSystem.Test\ExaminationSystem.Test.csproj", "{A7E69A28-8E3C-4823-BAF7-BFD6BA39CD4A}"
EndProject
Project("{2150E333-8FDC-42A3-9474-1A3956D46DE8}") = "src", "src", "{DEB08B70-9C0A-42E0-8035-548821193019}"
EndProject
Project("{2150E333-8FDC-42A3-9474-1A3956D46DE8}") = "test", "test", "{604A2438-E4E0-463F-83E9-392B5E00E3F6}"
EndProject
Project("{2150E333-8FDC-42A3-9474-1A3956D46DE8}") = "scripts", "scripts", "{1A82ADB5-48CD-4F74-875B-9A4775385161}"
EndProject
Project("{2150E333-8FDC-42A3-9474-1A3956D46DE8}") = "mysql", "mysql", "{C9A54ED3-B0B7-403C-B6D7-036E5AA75A00}"
	ProjectSection(SolutionItems) = preProject
		init.sql = init.sql
	EndProjectSection
EndProject
Global
	GlobalSection(SolutionConfigurationPlatforms) = preSolution
		Debug|Any CPU = Debug|Any CPU
		Release|Any CPU = Release|Any CPU
	EndGlobalSection
	GlobalSection(NestedProjects) = preSolution
		{C9A54ED3-B0B7-403C-B6D7-036E5AA75A00} = {1A82ADB5-48CD-4F74-875B-9A4775385161}
		{A7E69A28-8E3C-4823-BAF7-BFD6BA39CD4A} = {604A2438-E4E0-463F-83E9-392B5E00E3F6}
		{C1B67D00-D84E-4E49-BD77-B574512B67BE} = {DEB08B70-9C0A-42E0-8035-548821193019}
		{D61AAB0F-BECF-42BD-97A3-D28DD572D0B9} = {DEB08B70-9C0A-42E0-8035-548821193019}
		{9D92B79E-421E-4FFA-BDF0-A1A52B029CA3} = {DEB08B70-9C0A-42E0-8035-548821193019}
		{45AAF49F-48E1-49DB-A0D1-1E7EBFEAD0B7} = {DEB08B70-9C0A-42E0-8035-548821193019}
		{1A82ADB5-48CD-4F74-875B-9A4775385161} = {F8D0EFCE-6FE8-443B-B19F-46389E43AB51}
	EndGlobalSection
	GlobalSection(ProjectConfigurationPlatforms) = postSolution
		{45AAF49F-48E1-49DB-A0D1-1E7EBFEAD0B7}.Debug|Any CPU.ActiveCfg = Debug|Any CPU
		{45AAF49F-48E1-49DB-A0D1-1E7EBFEAD0B7}.Debug|Any CPU.Build.0 = Debug|Any CPU
		{45AAF49F-48E1-49DB-A0D1-1E7EBFEAD0B7}.Release|Any CPU.ActiveCfg = Release|Any CPU
		{45AAF49F-48E1-49DB-A0D1-1E7EBFEAD0B7}.Release|Any CPU.Build.0 = Release|Any CPU
		{C1B67D00-D84E-4E49-BD77-B574512B67BE}.Debug|Any CPU.ActiveCfg = Debug|Any CPU
		{C1B67D00-D84E-4E49-BD77-B574512B67BE}.Debug|Any CPU.Build.0 = Debug|Any CPU
		{C1B67D00-D84E-4E49-BD77-B574512B67BE}.Release|Any CPU.ActiveCfg = Release|Any CPU
		{C1B67D00-D84E-4E49-BD77-B574512B67BE}.Release|Any CPU.Build.0 = Release|Any CPU
		{D61AAB0F-BECF-42BD-97A3-D28DD572D0B9}.Debug|Any CPU.ActiveCfg = Debug|Any CPU
		{D61AAB0F-BECF-42BD-97A3-D28DD572D0B9}.Debug|Any CPU.Build.0 = Debug|Any CPU
		{D61AAB0F-BECF-42BD-97A3-D28DD572D0B9}.Release|Any CPU.ActiveCfg = Release|Any CPU
		{D61AAB0F-BECF-42BD-97A3-D28DD572D0B9}.Release|Any CPU.Build.0 = Release|Any CPU
		{9D92B79E-421E-4FFA-BDF0-A1A52B029CA3}.Debug|Any CPU.ActiveCfg = Debug|Any CPU
		{9D92B79E-421E-4FFA-BDF0-A1A52B029CA3}.Debug|Any CPU.Build.0 = Debug|Any CPU
		{9D92B79E-421E-4FFA-BDF0-A1A52B029CA3}.Release|Any CPU.ActiveCfg = Release|Any CPU
		{9D92B79E-421E-4FFA-BDF0-A1A52B029CA3}.Release|Any CPU.Build.0 = Release|Any CPU
		{A7E69A28-8E3C-4823-BAF7-BFD6BA39CD4A}.Debug|Any CPU.ActiveCfg = Debug|Any CPU
		{A7E69A28-8E3C-4823-BAF7-BFD6BA39CD4A}.Debug|Any CPU.Build.0 = Debug|Any CPU
		{A7E69A28-8E3C-4823-BAF7-BFD6BA39CD4A}.Release|Any CPU.ActiveCfg = Release|Any CPU
		{A7E69A28-8E3C-4823-BAF7-BFD6BA39CD4A}.Release|Any CPU.Build.0 = Release|Any CPU
	EndGlobalSection
EndGlobal
